{
  "name": "keep-account-uniapp",
  "version": "1.0.0",
  "lockfileVersion": 1,
  "requires": true,
  "dependencies": {
    "@babel/runtime": {
      "version": "7.15.4",
      "resolved": "http://npm.ztosys.com/@babel%2fruntime/-/runtime-7.15.4.tgz",
      "integrity": "sha1-/RfRa/34eObdAtGXU6OfqKjZyEo=",
      "requires": {
        "regenerator-runtime": "^0.13.4"
      }
    },
    "@popperjs/core": {
      "version": "2.10.1",
      "resolved": "http://npm.ztosys.com/@popperjs%2fcore/-/core-2.10.1.tgz",
      "integrity": "sha1-co7NlasgequKmk5CHwQi2zKSMr4="
    },
    "@vant/icons": {
      "version": "1.7.0",
      "resolved": "http://npm.ztosys.com/@vant%2ficons/-/icons-1.7.0.tgz",
      "integrity": "sha1-AtQnUyqBQsNdsVnanDZP5okMOsk="
    },
    "@vant/popperjs": {
      "version": "1.1.0",
      "resolved": "http://npm.ztosys.com/@vant%2fpopperjs/-/popperjs-1.1.0.tgz",
      "integrity": "sha1-tO3uW7+m+xhwWYbjE9T9XxeUKg8=",
      "requires": {
        "@popperjs/core": "^2.9.2"
      }
    },
    "@vue/babel-helper-vue-jsx-merge-props": {
      "version": "1.2.1",
      "resolved": "http://npm.ztosys.com/@vue%2fbabel-helper-vue-jsx-merge-props/-/babel-helper-vue-jsx-merge-props-1.2.1.tgz",
      "integrity": "sha1-MWJKelBfsU2h1YAjclpMXycOaoE="
    },
    "regenerator-runtime": {
      "version": "0.13.9",
      "resolved": "http://npm.ztosys.com/regenerator-runtime/-/regenerator-runtime-0.13.9.tgz",
      "integrity": "sha1-iSV0Kpj/2QgUmI11Zq0wyjsmO1I="
    },
    "vant": {
      "version": "2.12.26",
      "resolved": "http://npm.ztosys.com/vant/-/vant-2.12.26.tgz",
      "integrity": "sha1-vVsjPgRkovlO8pw0m0uYK9gU7qI=",
      "requires": {
        "@babel/runtime": "7.x",
        "@vant/icons": "^1.5.3",
        "@vant/popperjs": "^1.0.0",
        "@vue/babel-helper-vue-jsx-merge-props": "^1.0.0",
        "vue-lazyload": "1.2.3"
      }
    },
    "vue-lazyload": {
      "version": "1.2.3",
      "resolved": "http://npm.ztosys.com/vue-lazyload/-/vue-lazyload-1.2.3.tgz",
      "integrity": "sha1-kB+ewVx+bKeHgaK65KNDaGve2yw="
    }
  }
}
